github.com/klassmann/cpfcnpj v0.0.0-20200907140233-a595c5fd8de1 h1:nT1t/3YnkjBWdVl6zmvmim6S8gjAZOpZi19iEBq3/Ko=
github.com/klassmann/cpfcnpj v0.0.0-20200907140233-a595c5fd8de1/go.mod h1:2lGFirXS+qsYDFtk4OAzWXyILL3mrSAluEH26Ao65ZY=
github.com/lib/pq v1.10.2 h1:AqzbZs4ZoCBp+GtejcpCpcxM3zlSMx29dXbUSeVtJb8=
github.com/lib/pq v1.10.2/go.mod h1:AlVN5x4E4T544tWzH6hKfbfQvm3HdbOxrmggDNAPY9o=
